
Microsoft Visual Studio Solution File, Format Version 12.00
# Visual Studio 2012
Project("{FAE04EC0-301F-11D3-BF4B-00C04F79EFBC}") = "www", "www\www.csproj", "{1D861E50-6B0D-482E-B918-4747B4F7E9D6}"
EndProject
Project("{FAE04EC0-301F-11D3-BF4B-00C04F79EFBC}") = "www.Tests", "www.Tests\www.Tests.csproj", "{75FDAF4E-5BE6-4EB4-8653-456E1D392FE1}"
EndProject
Global
	GlobalSection(SolutionConfigurationPlatforms) = preSolution
		Debug|Any CPU = Debug|Any CPU
		Release|Any CPU = Release|Any CPU
	EndGlobalSection
	GlobalSection(ProjectConfigurationPlatforms) = postSolution
		{1D861E50-6B0D-482E-B918-4747B4F7E9D6}.Debug|Any CPU.ActiveCfg = Debug|Any CPU
		{1D861E50-6B0D-482E-B918-4747B4F7E9D6}.Debug|Any CPU.Build.0 = Debug|Any CPU
		{1D861E50-6B0D-482E-B918-4747B4F7E9D6}.Release|Any CPU.ActiveCfg = Release|Any CPU
		{1D861E50-6B0D-482E-B918-4747B4F7E9D6}.Release|Any CPU.Build.0 = Release|Any CPU
		{75FDAF4E-5BE6-4EB4-8653-456E1D392FE1}.Debug|Any CPU.ActiveCfg = Debug|Any CPU
		{75FDAF4E-5BE6-4EB4-8653-456E1D392FE1}.Debug|Any CPU.Build.0 = Debug|Any CPU
		{75FDAF4E-5BE6-4EB4-8653-456E1D392FE1}.Release|Any CPU.ActiveCfg = Release|Any CPU
		{75FDAF4E-5BE6-4EB4-8653-456E1D392FE1}.Release|Any CPU.Build.0 = Release|Any CPU
	EndGlobalSection
	GlobalSection(SolutionProperties) = preSolution
		HideSolutionNode = FALSE
	EndGlobalSection
EndGlobal
